// !$*UTF8*$!
{
	archiveVersion = 1;
	classes = {
	};
	objectVersion = 50;
	objects = {

/* Begin PBXBuildFile section */
		67BD1D882646B8FB00D54F89 /* UI_177App.swift in Sources */ = {isa = PBXBuildFile; fileRef = 67BD1D872646B8FB00D54F89 /* UI_177App.swift */; };
		67BD1D8A2646B8FB00D54F89 /* ContentView.swift in Sources */ = {isa = PBXBuildFile; fileRef = 67BD1D892646B8FB00D54F89 /* ContentView.swift */; };
		67BD1D8C2646B8FD00D54F89 /* Assets.xcassets in Resources */ = {isa = PBXBuildFile; fileRef = 67BD1D8B2646B8FD00D54F89 /* Assets.xcassets */; };
		67BD1D8F2646B8FD00D54F89 /* Preview Assets.xcassets in Resources */ = {isa = PBXBuildFile; fileRef = 67BD1D8E2646B8FD00D54F89 /* Preview Assets.xcassets */; };
		67BD1D9A2646C05200D54F89 /* PallaxView.swift in Sources */ = {isa = PBXBuildFile; fileRef = 67BD1D992646C05200D54F89 /* PallaxView.swift */; };
		67BD1D9C2646C0DF00D54F89 /* TripView.swift in Sources */ = {isa = PBXBuildFile; fileRef = 67BD1D9B2646C0DF00D54F89 /* TripView.swift */; };
		67BD1D9F2646C10700D54F89 /* Trip.swift in Sources */ = {isa = PBXBuildFile; fileRef = 67BD1D9E2646C10700D54F89 /* Trip.swift */; };
		67BD1DA12646CA8E00D54F89 /* TextView.swift in Sources */ = {isa = PBXBuildFile; fileRef = 67BD1DA02646CA8E00D54F89 /* TextView.swift */; };
/* End PBXBuildFile section */

/* Begin PBXFileReference section */
		67BD1D842646B8FB00D54F89 /* UI-177.app */ = {isa = PBXFileReference; explicitFileType = wrapper.application; includeInIndex = 0; path = "UI-177.app"; sourceTree = BUILT_PRODUCTS_DIR; };
		67BD1D872646B8FB00D54F89 /* UI_177App.swift */ = {isa = PBXFileReference; lastKnownFileType = sourcecode.swift; path = UI_177App.swift; sourceTree = "<group>"; };
		67BD1D892646B8FB00D54F89 /* ContentView.swift */ = {isa = PBXFileReference; lastKnownFileType = sourcecode.swift; path = ContentView.swift; sourceTree = "<group>"; };
		67BD1D8B2646B8FD00D54F89 /* Assets.xcassets */ = {isa = PBXFileReference; lastKnownFileType = folder.assetcatalog; path = Assets.xcassets; sourceTree = "<group>"; };
		67BD1D8E2646B8FD00D54F89 /* Preview Assets.xcassets */ = {isa = PBXFileReference; lastKnownFileType = folder.assetcatalog; path = "Preview Assets.xcassets"; sourceTree = "<group>"; };
		67BD1D902646B8FD00D54F89 /* Info.plist */ = {isa = PBXFileReference; lastKnownFileType = text.plist.xml; path = Info.plist; sourceTree = "<group>"; };
		67BD1D992646C05200D54F89 /* PallaxView.swift */ = {isa = PBXFileReference; lastKnownFileType = sourcecode.swift; path = PallaxView.swift; sourceTree = "<group>"; };
		67BD1D9B2646C0DF00D54F89 /* TripView.swift */ = {isa = PBXFileReference; lastKnownFileType = sourcecode.swift; path = TripView.swift; sourceTree = "<group>"; };
		67BD1D9E2646C10700D54F89 /* Trip.swift */ = {isa = PBXFileReference; lastKnownFileType = sourcecode.swift; name = Trip.swift; path = "UI-177/View/Trip.swift"; sourceTree = SOURCE_ROOT; };
		67BD1DA02646CA8E00D54F89 /* TextView.swift */ = {isa = PBXFileReference; lastKnownFileType = sourcecode.swift; path = TextView.swift; sourceTree = "<group>"; };
/* End PBXFileReference section */

/* Begin PBXFrameworksBuildPhase section */
		67BD1D812646B8FB00D54F89 /* Frameworks */ = {
			isa = PBXFrameworksBuildPhase;
			buildActionMask = 2147483647;
			files = (
			);
			runOnlyForDeploymentPostprocessing = 0;
		};
/* End PBXFrameworksBuildPhase section */

/* Begin PBXGroup section */
		67BD1D7B2646B8FB00D54F89 = {
			isa = PBXGroup;
			children = (
				67BD1D862646B8FB00D54F89 /* UI-177 */,
				67BD1D852646B8FB00D54F89 /* Products */,
			);
			sourceTree = "<group>";
		};
		67BD1D852646B8FB00D54F89 /* Products */ = {
			isa = PBXGroup;
			children = (
				67BD1D842646B8FB00D54F89 /* UI-177.app */,
			);
			name = Products;
			sourceTree = "<group>";
		};
		67BD1D862646B8FB00D54F89 /* UI-177 */ = {
			isa = PBXGroup;
			children = (
				67BD1D9D2646C0FD00D54F89 /* Model */,
				67BD1D962646B9E600D54F89 /* View */,
				67BD1D872646B8FB00D54F89 /* UI_177App.swift */,
				67BD1D892646B8FB00D54F89 /* ContentView.swift */,
				67BD1D8B2646B8FD00D54F89 /* Assets.xcassets */,
				67BD1D902646B8FD00D54F89 /* Info.plist */,
				67BD1D8D2646B8FD00D54F89 /* Preview Content */,
			);
			path = "UI-177";
			sourceTree = "<group>";
		};
		67BD1D8D2646B8FD00D54F89 /* Preview Content */ = {
			isa = PBXGroup;
			children = (
				67BD1D8E2646B8FD00D54F89 /* Preview Assets.xcassets */,
			);
			path = "Preview Content";
			sourceTree = "<group>";
		};
		67BD1D962646B9E600D54F89 /* View */ = {
			isa = PBXGroup;
			children = (
				67BD1D992646C05200D54F89 /* PallaxView.swift */,
				67BD1D9B2646C0DF00D54F89 /* TripView.swift */,
				67BD1DA02646CA8E00D54F89 /* TextView.swift */,
			);
			path = View;
			sourceTree = "<group>";
		};
		67BD1D9D2646C0FD00D54F89 /* Model */ = {
			isa = PBXGroup;
			children = (
				67BD1D9E2646C10700D54F89 /* Trip.swift */,
			);
			path = Model;
			sourceTree = "<group>";
		};
/* End PBXGroup section */

/* Begin PBXNativeTarget section */
		67BD1D832646B8FB00D54F89 /* UI-177 */ = {
			isa = PBXNativeTarget;
			buildConfigurationList = 67BD1D932646B8FD00D54F89 /* Build configuration list for PBXNativeTarget "UI-177" */;
			buildPhases = (
				67BD1D802646B8FB00D54F89 /* Sources */,
				67BD1D812646B8FB00D54F89 /* Frameworks */,
				67BD1D822646B8FB00D54F89 /* Resources */,
			);
			buildRules = (
			);
			dependencies = (
			);
			name = "UI-177";
			productName = "UI-177";
			productReference = 67BD1D842646B8FB00D54F89 /* UI-177.app */;
			productType = "com.apple.product-type.application";
		};
/* End PBXNativeTarget section */

/* Begin PBXProject section */
		67BD1D7C2646B8FB00D54F89 /* Project object */ = {
			isa = PBXProject;
			attributes = {
				LastSwiftUpdateCheck = 1250;
				LastUpgradeCheck = 1250;
				TargetAttributes = {
					67BD1D832646B8FB00D54F89 = {
						CreatedOnToolsVersion = 12.5;
					};
				};
			};
			buildConfigurationList = 67BD1D7F2646B8FB00D54F89 /* Build configuration list for PBXProject "UI-177" */;
			compatibilityVersion = "Xcode 9.3";
			developmentRegion = en;
			hasScannedForEncodings = 0;
			knownRegions = (
				en,
				Base,
			);
			mainGroup = 67BD1D7B2646B8FB00D54F89;
			productRefGroup = 67BD1D852646B8FB00D54F89 /* Products */;
			projectDirPath = "";
			projectRoot = "";
			targets = (
				67BD1D832646B8FB00D54F89 /* UI-177 */,
			);
		};
/* End PBXProject section */

/* Begin PBXResourcesBuildPhase section */
		67BD1D822646B8FB00D54F89 /* Resources */ = {
			isa = PBXResourcesBuildPhase;
			buildActionMask = 2147483647;
			files = (
				67BD1D8F2646B8FD00D54F89 /* Preview Assets.xcassets in Resources */,
				67BD1D8C2646B8FD00D54F89 /* Assets.xcassets in Resources */,
			);
			runOnlyForDeploymentPostprocessing = 0;
		};
/* End PBXResourcesBuildPhase section */

/* Begin PBXSourcesBuildPhase section */
		67BD1D802646B8FB00D54F89 /* Sources */ = {
			isa = PBXSourcesBuildPhase;
			buildActionMask = 2147483647;
			files = (
				67BD1D9F2646C10700D54F89 /* Trip.swift in Sources */,
				67BD1D9A2646C05200D54F89 /* PallaxView.swift in Sources */,
				67BD1D8A2646B8FB00D54F89 /* ContentView.swift in Sources */,
				67BD1DA12646CA8E00D54F89 /* TextView.swift in Sources */,
				67BD1D882646B8FB00D54F89 /* UI_177App.swift in Sources */,
				67BD1D9C2646C0DF00D54F89 /* TripView.swift in Sources */,
			);
			runOnlyForDeploymentPostprocessing = 0;
		};
/* End PBXSourcesBuildPhase section */

/* Begin XCBuildConfiguration section */
		67BD1D912646B8FD00D54F89 /* Debug */ = {
			isa = XCBuildConfiguration;
			buildSettings = {
				ALWAYS_SEARCH_USER_PATHS = NO;
				CLANG_ANALYZER_NONNULL = YES;
				CLANG_ANALYZER_NUMBER_OBJECT_CONVERSION = YES_AGGRESSIVE;
				CLANG_CXX_LANGUAGE_STANDARD = "gnu++14";
				CLANG_CXX_LIBRARY = "libc++";
				CLANG_ENABLE_MODULES = YES;
				CLANG_ENABLE_OBJC_ARC = YES;
				CLANG_ENABLE_OBJC_WEAK = YES;
				CLANG_WARN_BLOCK_CAPTURE_AUTORELEASING = YES;
				CLANG_WARN_BOOL_CONVERSION = YES;
				CLANG_WARN_COMMA = YES;
				CLANG_WARN_CONSTANT_CONVERSION = YES;
				CLANG_WARN_DEPRECATED_OBJC_IMPLEMENTATIONS = YES;
				CLANG_WARN_DIRECT_OBJC_ISA_USAGE = YES_ERROR;
				CLANG_WARN_DOCUMENTATION_COMMENTS = YES;
				CLANG_WARN_EMPTY_BODY = YES;
				CLANG_WARN_ENUM_CONVERSION = YES;
				CLANG_WARN_INFINITE_RECURSION = YES;
				CLANG_WARN_INT_CONVERSION = YES;
				CLANG_WARN_NON_LITERAL_NULL_CONVERSION = YES;
				CLANG_WARN_OBJC_IMPLICIT_RETAIN_SELF = YES;
				CLANG_WARN_OBJC_LITERAL_CONVERSION = YES;
				CLANG_WARN_OBJC_ROOT_CLASS = YES_ERROR;
				CLANG_WARN_QUOTED_INCLUDE_IN_FRAMEWORK_HEADER = YES;
				CLANG_WARN_RANGE_LOOP_ANALYSIS = YES;
				CLANG_WARN_STRICT_PROTOTYPES = YES;
				CLANG_WARN_SUSPICIOUS_MOVE = YES;
				CLANG_WARN_UNGUARDED_AVAILABILITY = YES_AGGRESSIVE;
				CLANG_WARN_UNREACHABLE_CODE = YES;
				CLANG_WARN__DUPLICATE_METHOD_MATCH = YES;
				COPY_PHASE_STRIP = NO;
				DEBUG_INFORMATION_FORMAT = dwarf;
				ENABLE_STRICT_OBJC_MSGSEND = YES;
				ENABLE_TESTABILITY = YES;
				GCC_C_LANGUAGE_STANDARD = gnu11;
				GCC_DYNAMIC_NO_PIC = NO;
				GCC_NO_COMMON_BLOCKS = YES;
				GCC_OPTIMIZATION_LEVEL = 0;
				GCC_PREPROCESSOR_DEFINITIONS = (
					"DEBUG=1",
					"$(inherited)",
				);
				GCC_WARN_64_TO_32_BIT_CONVERSION = YES;
				GCC_WARN_ABOUT_RETURN_TYPE = YES_ERROR;
				GCC_WARN_UNDECLARED_SELECTOR = YES;
				GCC_WARN_UNINITIALIZED_AUTOS = YES_AGGRESSIVE;
				GCC_WARN_UNUSED_FUNCTION = YES;
				GCC_WARN_UNUSED_VARIABLE = YES;
				IPHONEOS_DEPLOYMENT_TARGET = 14.5;
				MTL_ENABLE_DEBUG_INFO = INCLUDE_SOURCE;
				MTL_FAST_MATH = YES;
				ONLY_ACTIVE_ARCH = YES;
				SDKROOT = iphoneos;
				SWIFT_ACTIVE_COMPILATION_CONDITIONS = DEBUG;
				SWIFT_OPTIMIZATION_LEVEL = "-Onone";
			};
			name = Debug;
		};
		67BD1D922646B8FD00D54F89 /* Release */ = {
			isa = XCBuildConfiguration;
			buildSettings = {
				ALWAYS_SEARCH_USER_PATHS = NO;
				CLANG_ANALYZER_NONNULL = YES;
				CLANG_ANALYZER_NUMBER_OBJECT_CONVERSION = YES_AGGRESSIVE;
				CLANG_CXX_LANGUAGE_STANDARD = "gnu++14";
				CLANG_CXX_LIBRARY = "libc++";
				CLANG_ENABLE_MODULES = YES;
				CLANG_ENABLE_OBJC_ARC = YES;
				CLANG_ENABLE_OBJC_WEAK = YES;
				CLANG_WARN_BLOCK_CAPTURE_AUTORELEASING = YES;
				CLANG_WARN_BOOL_CONVERSION = YES;
				CLANG_WARN_COMMA = YES;
				CLANG_WARN_CONSTANT_CONVERSION = YES;
				CLANG_WARN_DEPRECATED_OBJC_IMPLEMENTATIONS = YES;
				CLANG_WARN_DIRECT_OBJC_ISA_USAGE = YES_ERROR;
				CLANG_WARN_DOCUMENTATION_COMMENTS = YES;
				CLANG_WARN_EMPTY_BODY = YES;
				CLANG_WARN_ENUM_CONVERSION = YES;
				CLANG_WARN_INFINITE_RECURSION = YES;
				CLANG_WARN_INT_CONVERSION = YES;
				CLANG_WARN_NON_LITERAL_NULL_CONVERSION = YES;
				CLANG_WARN_OBJC_IMPLICIT_RETAIN_SELF = YES;
				CLANG_WARN_OBJC_LITERAL_CONVERSION = YES;
				CLANG_WARN_OBJC_ROOT_CLASS = YES_ERROR;
				CLANG_WARN_QUOTED_INCLUDE_IN_FRAMEWORK_HEADER = YES;
				CLANG_WARN_RANGE_LOOP_ANALYSIS = YES;
				CLANG_WARN_STRICT_PROTOTYPES = YES;
				CLANG_WARN_SUSPICIOUS_MOVE = YES;
				CLANG_WARN_UNGUARDED_AVAILABILITY = YES_AGGRESSIVE;
				CLANG_WARN_UNREACHABLE_CODE = YES;
				CLANG_WARN__DUPLICATE_METHOD_MATCH = YES;
				COPY_PHASE_STRIP = NO;
				DEBUG_INFORMATION_FORMAT = "dwarf-with-dsym";
				ENABLE_NS_ASSERTIONS = NO;
				ENABLE_STRICT_OBJC_MSGSEND = YES;
				GCC_C_LANGUAGE_STANDARD = gnu11;
				GCC_NO_COMMON_BLOCKS = YES;
				GCC_WARN_64_TO_32_BIT_CONVERSION = YES;
				GCC_WARN_ABOUT_RETURN_TYPE = YES_ERROR;
				GCC_WARN_UNDECLARED_SELECTOR = YES;
				GCC_WARN_UNINITIALIZED_AUTOS = YES_AGGRESSIVE;
				GCC_WARN_UNUSED_FUNCTION = YES;
				GCC_WARN_UNUSED_VARIABLE = YES;
				IPHONEOS_DEPLOYMENT_TARGET = 14.5;
				MTL_ENABLE_DEBUG_INFO = NO;
				MTL_FAST_MATH = YES;
				SDKROOT = iphoneos;
				SWIFT_COMPILATION_MODE = wholemodule;
				SWIFT_OPTIMIZATION_LEVEL = "-O";
				VALIDATE_PRODUCT = YES;
			};
			name = Release;
		};
		67BD1D942646B8FD00D54F89 /* Debug */ = {
			isa = XCBuildConfiguration;
			buildSettings = {
				ASSETCATALOG_COMPILER_APPICON_NAME = AppIcon;
				ASSETCATALOG_COMPILER_GLOBAL_ACCENT_COLOR_NAME = AccentColor;
				CODE_SIGN_STYLE = Automatic;
				DEVELOPMENT_ASSET_PATHS = "\"UI-177/Preview Content\"";
				ENABLE_PREVIEWS = YES;
				INFOPLIST_FILE = "UI-177/Info.plist";
				IPHONEOS_DEPLOYMENT_TARGET = 14.0;
				LD_RUNPATH_SEARCH_PATHS = (
					"$(inherited)",
					"@executable_path/Frameworks",
				);
				PRODUCT_BUNDLE_IDENTIFIER = "com.uzu.UI-177";
				PRODUCT_NAME = "$(TARGET_NAME)";
				SWIFT_VERSION = 5.0;
				TARGETED_DEVICE_FAMILY = "1,2";
			};
			name = Debug;
		};
		67BD1D952646B8FD00D54F89 /* Release */ = {
			isa = XCBuildConfiguration;
			buildSettings = {
				ASSETCATALOG_COMPILER_APPICON_NAME = AppIcon;
				ASSETCATALOG_COMPILER_GLOBAL_ACCENT_COLOR_NAME = AccentColor;
				CODE_SIGN_STYLE = Automatic;
				DEVELOPMENT_ASSET_PATHS = "\"UI-177/Preview Content\"";
				ENABLE_PREVIEWS = YES;
				INFOPLIST_FILE = "UI-177/Info.plist";
				IPHONEOS_DEPLOYMENT_TARGET = 14.0;
				LD_RUNPATH_SEARCH_PATHS = (
					"$(inherited)",
					"@executable_path/Frameworks",
				);
				PRODUCT_BUNDLE_IDENTIFIER = "com.uzu.UI-177";
				PRODUCT_NAME = "$(TARGET_NAME)";
				SWIFT_VERSION = 5.0;
				TARGETED_DEVICE_FAMILY = "1,2";
			};
			name = Release;
		};
/* End XCBuildConfiguration section */

/* Begin XCConfigurationList section */
		67BD1D7F2646B8FB00D54F89 /* Build configuration list for PBXProject "UI-177" */ = {
			isa = XCConfigurationList;
			buildConfigurations = (
				67BD1D912646B8FD00D54F89 /* Debug */,
				67BD1D922646B8FD00D54F89 /* Release */,
			);
			defaultConfigurationIsVisible = 0;
			defaultConfigurationName = Release;
		};
		67BD1D932646B8FD00D54F89 /* Build configuration list for PBXNativeTarget "UI-177" */ = {
			isa = XCConfigurationList;
			buildConfigurations = (
				67BD1D942646B8FD00D54F89 /* Debug */,
				67BD1D952646B8FD00D54F89 /* Release */,
			);
			defaultConfigurationIsVisible = 0;
			defaultConfigurationName = Release;
		};
/* End XCConfigurationList section */
	};
	rootObject = 67BD1D7C2646B8FB00D54F89 /* Project object */;
}
